// !$*UTF8*$!
{
	archiveVersion = 1;
	classes = {
	};
	objectVersion = 50;
	objects = {

/* Begin PBXBuildFile section */
		336833BA2475D4E300B80A5A /* AppDelegate.swift in Sources */ = {isa = PBXBuildFile; fileRef = 336833B92475D4E300B80A5A /* AppDelegate.swift */; };
		336833C02475D4E300B80A5A /* GameScene.swift in Sources */ = {isa = PBXBuildFile; fileRef = 336833BF2475D4E300B80A5A /* GameScene.swift */; };
		336833C22475D4E300B80A5A /* GameViewController.swift in Sources */ = {isa = PBXBuildFile; fileRef = 336833C12475D4E300B80A5A /* GameViewController.swift */; };
		336833C52475D4E300B80A5A /* Main.storyboard in Resources */ = {isa = PBXBuildFile; fileRef = 336833C32475D4E300B80A5A /* Main.storyboard */; };
		336833C72475D4E700B80A5A /* Assets.xcassets in Resources */ = {isa = PBXBuildFile; fileRef = 336833C62475D4E700B80A5A /* Assets.xcassets */; };
		336833CA2475D4E700B80A5A /* LaunchScreen.storyboard in Resources */ = {isa = PBXBuildFile; fileRef = 336833C82475D4E700B80A5A /* LaunchScreen.storyboard */; };
		336833D22475E01600B80A5A /* GameOverScene.swift in Sources */ = {isa = PBXBuildFile; fileRef = 336833D12475E01600B80A5A /* GameOverScene.swift */; };
		336833D42475F79D00B80A5A /* BitMaskCategory.swift in Sources */ = {isa = PBXBuildFile; fileRef = 336833D32475F79D00B80A5A /* BitMaskCategory.swift */; };
/* End PBXBuildFile section */

/* Begin PBXFileReference section */
		336833B62475D4E300B80A5A /* GameApp.app */ = {isa = PBXFileReference; explicitFileType = wrapper.application; includeInIndex = 0; path = GameApp.app; sourceTree = BUILT_PRODUCTS_DIR; };
		336833B92475D4E300B80A5A /* AppDelegate.swift */ = {isa = PBXFileReference; lastKnownFileType = sourcecode.swift; path = AppDelegate.swift; sourceTree = "<group>"; };
		336833BF2475D4E300B80A5A /* GameScene.swift */ = {isa = PBXFileReference; lastKnownFileType = sourcecode.swift; path = GameScene.swift; sourceTree = "<group>"; };
		336833C12475D4E300B80A5A /* GameViewController.swift */ = {isa = PBXFileReference; lastKnownFileType = sourcecode.swift; path = GameViewController.swift; sourceTree = "<group>"; };
		336833C42475D4E300B80A5A /* Base */ = {isa = PBXFileReference; lastKnownFileType = file.storyboard; name = Base; path = Base.lproj/Main.storyboard; sourceTree = "<group>"; };
		336833C62475D4E700B80A5A /* Assets.xcassets */ = {isa = PBXFileReference; lastKnownFileType = folder.assetcatalog; path = Assets.xcassets; sourceTree = "<group>"; };
		336833C92475D4E700B80A5A /* Base */ = {isa = PBXFileReference; lastKnownFileType = file.storyboard; name = Base; path = Base.lproj/LaunchScreen.storyboard; sourceTree = "<group>"; };
		336833CB2475D4E700B80A5A /* Info.plist */ = {isa = PBXFileReference; lastKnownFileType = text.plist.xml; path = Info.plist; sourceTree = "<group>"; };
		336833D12475E01600B80A5A /* GameOverScene.swift */ = {isa = PBXFileReference; lastKnownFileType = sourcecode.swift; path = GameOverScene.swift; sourceTree = "<group>"; };
		336833D32475F79D00B80A5A /* BitMaskCategory.swift */ = {isa = PBXFileReference; lastKnownFileType = sourcecode.swift; path = BitMaskCategory.swift; sourceTree = "<group>"; };
/* End PBXFileReference section */

/* Begin PBXFrameworksBuildPhase section */
		336833B32475D4E300B80A5A /* Frameworks */ = {
			isa = PBXFrameworksBuildPhase;
			buildActionMask = 2147483647;
			files = (
			);
			runOnlyForDeploymentPostprocessing = 0;
		};
/* End PBXFrameworksBuildPhase section */

/* Begin PBXGroup section */
		336833AD2475D4E300B80A5A = {
			isa = PBXGroup;
			children = (
				336833B82475D4E300B80A5A /* GameApp */,
				336833B72475D4E300B80A5A /* Products */,
			);
			sourceTree = "<group>";
		};
		336833B72475D4E300B80A5A /* Products */ = {
			isa = PBXGroup;
			children = (
				336833B62475D4E300B80A5A /* GameApp.app */,
			);
			name = Products;
			sourceTree = "<group>";
		};
		336833B82475D4E300B80A5A /* GameApp */ = {
			isa = PBXGroup;
			children = (
				336833B92475D4E300B80A5A /* AppDelegate.swift */,
				336833D52476198E00B80A5A /* Scenes */,
				336833D6247619A400B80A5A /* Collision */,
				336833D7247619B200B80A5A /* Controller */,
				336833C32475D4E300B80A5A /* Main.storyboard */,
				336833C62475D4E700B80A5A /* Assets.xcassets */,
				336833C82475D4E700B80A5A /* LaunchScreen.storyboard */,
				336833CB2475D4E700B80A5A /* Info.plist */,
			);
			path = GameApp;
			sourceTree = "<group>";
		};
		336833D52476198E00B80A5A /* Scenes */ = {
			isa = PBXGroup;
			children = (
				336833BF2475D4E300B80A5A /* GameScene.swift */,
				336833D12475E01600B80A5A /* GameOverScene.swift */,
			);
			path = Scenes;
			sourceTree = "<group>";
		};
		336833D6247619A400B80A5A /* Collision */ = {
			isa = PBXGroup;
			children = (
				336833D32475F79D00B80A5A /* BitMaskCategory.swift */,
			);
			path = Collision;
			sourceTree = "<group>";
		};
		336833D7247619B200B80A5A /* Controller */ = {
			isa = PBXGroup;
			children = (
				336833C12475D4E300B80A5A /* GameViewController.swift */,
			);
			path = Controller;
			sourceTree = "<group>";
		};
/* End PBXGroup section */

/* Begin PBXNativeTarget section */
		336833B52475D4E300B80A5A /* GameApp */ = {
			isa = PBXNativeTarget;
			buildConfigurationList = 336833CE2475D4E700B80A5A /* Build configuration list for PBXNativeTarget "GameApp" */;
			buildPhases = (
				336833B22475D4E300B80A5A /* Sources */,
				336833B32475D4E300B80A5A /* Frameworks */,
				336833B42475D4E300B80A5A /* Resources */,
			);
			buildRules = (
			);
			dependencies = (
			);
			name = GameApp;
			productName = GameApp;
			productReference = 336833B62475D4E300B80A5A /* GameApp.app */;
			productType = "com.apple.product-type.application";
		};
/* End PBXNativeTarget section */

/* Begin PBXProject section */
		336833AE2475D4E300B80A5A /* Project object */ = {
			isa = PBXProject;
			attributes = {
				LastSwiftUpdateCheck = 1140;
				LastUpgradeCheck = 1140;
				ORGANIZATIONNAME = Fedul;
				TargetAttributes = {
					336833B52475D4E300B80A5A = {
						CreatedOnToolsVersion = 11.4.1;
					};
				};
			};
			buildConfigurationList = 336833B12475D4E300B80A5A /* Build configuration list for PBXProject "GameApp" */;
			compatibilityVersion = "Xcode 9.3";
			developmentRegion = en;
			hasScannedForEncodings = 0;
			knownRegions = (
				en,
				Base,
			);
			mainGroup = 336833AD2475D4E300B80A5A;
			productRefGroup = 336833B72475D4E300B80A5A /* Products */;
			projectDirPath = "";
			projectRoot = "";
			targets = (
				336833B52475D4E300B80A5A /* GameApp */,
			);
		};
/* End PBXProject section */

/* Begin PBXResourcesBuildPhase section */
		336833B42475D4E300B80A5A /* Resources */ = {
			isa = PBXResourcesBuildPhase;
			buildActionMask = 2147483647;
			files = (
				336833C52475D4E300B80A5A /* Main.storyboard in Resources */,
				336833C72475D4E700B80A5A /* Assets.xcassets in Resources */,
				336833CA2475D4E700B80A5A /* LaunchScreen.storyboard in Resources */,
			);
			runOnlyForDeploymentPostprocessing = 0;
		};
/* End PBXResourcesBuildPhase section */

/* Begin PBXSourcesBuildPhase section */
		336833B22475D4E300B80A5A /* Sources */ = {
			isa = PBXSourcesBuildPhase;
			buildActionMask = 2147483647;
			files = (
				336833C02475D4E300B80A5A /* GameScene.swift in Sources */,
				336833C22475D4E300B80A5A /* GameViewController.swift in Sources */,
				336833D42475F79D00B80A5A /* BitMaskCategory.swift in Sources */,
				336833BA2475D4E300B80A5A /* AppDelegate.swift in Sources */,
				336833D22475E01600B80A5A /* GameOverScene.swift in Sources */,
			);
			runOnlyForDeploymentPostprocessing = 0;
		};
/* End PBXSourcesBuildPhase section */

/* Begin PBXVariantGroup section */
		336833C32475D4E300B80A5A /* Main.storyboard */ = {
			isa = PBXVariantGroup;
			children = (
				336833C42475D4E300B80A5A /* Base */,
			);
			name = Main.storyboard;
			sourceTree = "<group>";
		};
		336833C82475D4E700B80A5A /* LaunchScreen.storyboard */ = {
			isa = PBXVariantGroup;
			children = (
				336833C92475D4E700B80A5A /* Base */,
			);
			name = LaunchScreen.storyboard;
			sourceTree = "<group>";
		};
/* End PBXVariantGroup section */

/* Begin XCBuildConfiguration section */
		336833CC2475D4E700B80A5A /* Debug */ = {
			isa = XCBuildConfiguration;
			buildSettings = {
				ALWAYS_SEARCH_USER_PATHS = NO;
				CLANG_ANALYZER_NONNULL = YES;
				CLANG_ANALYZER_NUMBER_OBJECT_CONVERSION = YES_AGGRESSIVE;
				CLANG_CXX_LANGUAGE_STANDARD = "gnu++14";
				CLANG_CXX_LIBRARY = "libc++";
				CLANG_ENABLE_MODULES = YES;
				CLANG_ENABLE_OBJC_ARC = YES;
				CLANG_ENABLE_OBJC_WEAK = YES;
				CLANG_WARN_BLOCK_CAPTURE_AUTORELEASING = YES;
				CLANG_WARN_BOOL_CONVERSION = YES;
				CLANG_WARN_COMMA = YES;
				CLANG_WARN_CONSTANT_CONVERSION = YES;
				CLANG_WARN_DEPRECATED_OBJC_IMPLEMENTATIONS = YES;
				CLANG_WARN_DIRECT_OBJC_ISA_USAGE = YES_ERROR;
				CLANG_WARN_DOCUMENTATION_COMMENTS = YES;
				CLANG_WARN_EMPTY_BODY = YES;
				CLANG_WARN_ENUM_CONVERSION = YES;
				CLANG_WARN_INFINITE_RECURSION = YES;
				CLANG_WARN_INT_CONVERSION = YES;
				CLANG_WARN_NON_LITERAL_NULL_CONVERSION = YES;
				CLANG_WARN_OBJC_IMPLICIT_RETAIN_SELF = YES;
				CLANG_WARN_OBJC_LITERAL_CONVERSION = YES;
				CLANG_WARN_OBJC_ROOT_CLASS = YES_ERROR;
				CLANG_WARN_RANGE_LOOP_ANALYSIS = YES;
				CLANG_WARN_STRICT_PROTOTYPES = YES;
				CLANG_WARN_SUSPICIOUS_MOVE = YES;
				CLANG_WARN_UNGUARDED_AVAILABILITY = YES_AGGRESSIVE;
				CLANG_WARN_UNREACHABLE_CODE = YES;
				CLANG_WARN__DUPLICATE_METHOD_MATCH = YES;
				COPY_PHASE_STRIP = NO;
				DEBUG_INFORMATION_FORMAT = dwarf;
				ENABLE_STRICT_OBJC_MSGSEND = YES;
				ENABLE_TESTABILITY = YES;
				GCC_C_LANGUAGE_STANDARD = gnu11;
				GCC_DYNAMIC_NO_PIC = NO;
				GCC_NO_COMMON_BLOCKS = YES;
				GCC_OPTIMIZATION_LEVEL = 0;
				GCC_PREPROCESSOR_DEFINITIONS = (
					"DEBUG=1",
					"$(inherited)",
				);
				GCC_WARN_64_TO_32_BIT_CONVERSION = YES;
				GCC_WARN_ABOUT_RETURN_TYPE = YES_ERROR;
				GCC_WARN_UNDECLARED_SELECTOR = YES;
				GCC_WARN_UNINITIALIZED_AUTOS = YES_AGGRESSIVE;
				GCC_WARN_UNUSED_FUNCTION = YES;
				GCC_WARN_UNUSED_VARIABLE = YES;
				IPHONEOS_DEPLOYMENT_TARGET = 13.4;
				MTL_ENABLE_DEBUG_INFO = INCLUDE_SOURCE;
				MTL_FAST_MATH = YES;
				ONLY_ACTIVE_ARCH = YES;
				SDKROOT = iphoneos;
				SWIFT_ACTIVE_COMPILATION_CONDITIONS = DEBUG;
				SWIFT_OPTIMIZATION_LEVEL = "-Onone";
			};
			name = Debug;
		};
		336833CD2475D4E700B80A5A /* Release */ = {
			isa = XCBuildConfiguration;
			buildSettings = {
				ALWAYS_SEARCH_USER_PATHS = NO;
				CLANG_ANALYZER_NONNULL = YES;
				CLANG_ANALYZER_NUMBER_OBJECT_CONVERSION = YES_AGGRESSIVE;
				CLANG_CXX_LANGUAGE_STANDARD = "gnu++14";
				CLANG_CXX_LIBRARY = "libc++";
				CLANG_ENABLE_MODULES = YES;
				CLANG_ENABLE_OBJC_ARC = YES;
				CLANG_ENABLE_OBJC_WEAK = YES;
				CLANG_WARN_BLOCK_CAPTURE_AUTORELEASING = YES;
				CLANG_WARN_BOOL_CONVERSION = YES;
				CLANG_WARN_COMMA = YES;
				CLANG_WARN_CONSTANT_CONVERSION = YES;
				CLANG_WARN_DEPRECATED_OBJC_IMPLEMENTATIONS = YES;
				CLANG_WARN_DIRECT_OBJC_ISA_USAGE = YES_ERROR;
				CLANG_WARN_DOCUMENTATION_COMMENTS = YES;
				CLANG_WARN_EMPTY_BODY = YES;
				CLANG_WARN_ENUM_CONVERSION = YES;
				CLANG_WARN_INFINITE_RECURSION = YES;
				CLANG_WARN_INT_CONVERSION = YES;
				CLANG_WARN_NON_LITERAL_NULL_CONVERSION = YES;
				CLANG_WARN_OBJC_IMPLICIT_RETAIN_SELF = YES;
				CLANG_WARN_OBJC_LITERAL_CONVERSION = YES;
				CLANG_WARN_OBJC_ROOT_CLASS = YES_ERROR;
				CLANG_WARN_RANGE_LOOP_ANALYSIS = YES;
				CLANG_WARN_STRICT_PROTOTYPES = YES;
				CLANG_WARN_SUSPICIOUS_MOVE = YES;
				CLANG_WARN_UNGUARDED_AVAILABILITY = YES_AGGRESSIVE;
				CLANG_WARN_UNREACHABLE_CODE = YES;
				CLANG_WARN__DUPLICATE_METHOD_MATCH = YES;
				COPY_PHASE_STRIP = NO;
				DEBUG_INFORMATION_FORMAT = "dwarf-with-dsym";
				ENABLE_NS_ASSERTIONS = NO;
				ENABLE_STRICT_OBJC_MSGSEND = YES;
				GCC_C_LANGUAGE_STANDARD = gnu11;
				GCC_NO_COMMON_BLOCKS = YES;
				GCC_WARN_64_TO_32_BIT_CONVERSION = YES;
				GCC_WARN_ABOUT_RETURN_TYPE = YES_ERROR;
				GCC_WARN_UNDECLARED_SELECTOR = YES;
				GCC_WARN_UNINITIALIZED_AUTOS = YES_AGGRESSIVE;
				GCC_WARN_UNUSED_FUNCTION = YES;
				GCC_WARN_UNUSED_VARIABLE = YES;
				IPHONEOS_DEPLOYMENT_TARGET = 13.4;
				MTL_ENABLE_DEBUG_INFO = NO;
				MTL_FAST_MATH = YES;
				SDKROOT = iphoneos;
				SWIFT_COMPILATION_MODE = wholemodule;
				SWIFT_OPTIMIZATION_LEVEL = "-O";
				VALIDATE_PRODUCT = YES;
			};
			name = Release;
		};
		336833CF2475D4E700B80A5A /* Debug */ = {
			isa = XCBuildConfiguration;
			buildSettings = {
				ASSETCATALOG_COMPILER_APPICON_NAME = AppIcon;
				CODE_SIGN_STYLE = Automatic;
				DEVELOPMENT_TEAM = 26RL22QS3Y;
				INFOPLIST_FILE = GameApp/Info.plist;
				LD_RUNPATH_SEARCH_PATHS = (
					"$(inherited)",
					"@executable_path/Frameworks",
				);
				PRODUCT_BUNDLE_IDENTIFIER = Skillbox.GameApp;
				PRODUCT_NAME = "$(TARGET_NAME)";
				SWIFT_VERSION = 5.0;
				TARGETED_DEVICE_FAMILY = "1,2";
			};
			name = Debug;
		};
		336833D02475D4E700B80A5A /* Release */ = {
			isa = XCBuildConfiguration;
			buildSettings = {
				ASSETCATALOG_COMPILER_APPICON_NAME = AppIcon;
				CODE_SIGN_STYLE = Automatic;
				DEVELOPMENT_TEAM = 26RL22QS3Y;
				INFOPLIST_FILE = GameApp/Info.plist;
				LD_RUNPATH_SEARCH_PATHS = (
					"$(inherited)",
					"@executable_path/Frameworks",
				);
				PRODUCT_BUNDLE_IDENTIFIER = Skillbox.GameApp;
				PRODUCT_NAME = "$(TARGET_NAME)";
				SWIFT_VERSION = 5.0;
				TARGETED_DEVICE_FAMILY = "1,2";
			};
			name = Release;
		};
/* End XCBuildConfiguration section */

/* Begin XCConfigurationList section */
		336833B12475D4E300B80A5A /* Build configuration list for PBXProject "GameApp" */ = {
			isa = XCConfigurationList;
			buildConfigurations = (
				336833CC2475D4E700B80A5A /* Debug */,
				336833CD2475D4E700B80A5A /* Release */,
			);
			defaultConfigurationIsVisible = 0;
			defaultConfigurationName = Release;
		};
		336833CE2475D4E700B80A5A /* Build configuration list for PBXNativeTarget "GameApp" */ = {
			isa = XCConfigurationList;
			buildConfigurations = (
				336833CF2475D4E700B80A5A /* Debug */,
				336833D02475D4E700B80A5A /* Release */,
			);
			defaultConfigurationIsVisible = 0;
			defaultConfigurationName = Release;
		};
/* End XCConfigurationList section */
	};
	rootObject = 336833AE2475D4E300B80A5A /* Project object */;
}
